{
  "name": "StoryBrand",
  "lockfileVersion": 3,
  "requires": true,
  "packages": {
    "": {
      "dependencies": {
        "@vercel/speed-insights": "^1.0.8"
      }
    },
    "node_modules/@vercel/speed-insights": {
      "version": "1.0.8",
      "resolved": "https://registry.npmjs.org/@vercel/speed-insights/-/speed-insights-1.0.8.tgz",
      "integrity": "sha512-x1V9MHUMGkaNafmgY0qRbmbr+jfeU+Cvo5KgreeEGo63SFuBYRg9RS52GUJ9p82nEL6NBzc9HNru6fkcvufYcQ==",
      "hasInstallScript": true,
      "peerDependencies": {
        "@sveltejs/kit": "^1 || ^2",
        "next": ">= 13",
        "react": "^18 || ^19",
        "svelte": "^4",
        "vue": "^3",
        "vue-router": "^4"
      },
      "peerDependenciesMeta": {
        "@sveltejs/kit": {
          "optional": true
        },
        "next": {
          "optional": true
        },
        "react": {
          "optional": true
        },
        "svelte": {
          "optional": true
        },
        "vue": {
          "optional": true
        },
        "vue-router": {
          "optional": true
        }
      }
    }
  }
}
